
Microsoft Visual Studio Solution File, Format Version 12.00
# Visual Studio Version 16
VisualStudioVersion = 16.0.32802.440
MinimumVisualStudioVersion = 10.0.40219.1
Project("{FAE04EC0-301F-11D3-BF4B-00C04F79EFBC}") = "kelompok4", "kelompok4\kelompok4.csproj", "{C145AC64-CBC2-4424-AF6D-830E4D8E4DD8}"
EndProject
Global
	GlobalSection(SolutionConfigurationPlatforms) = preSolution
		Debug|Any CPU = Debug|Any CPU
		Release|Any CPU = Release|Any CPU
	EndGlobalSection
	GlobalSection(ProjectConfigurationPlatforms) = postSolution
		{C145AC64-CBC2-4424-AF6D-830E4D8E4DD8}.Debug|Any CPU.ActiveCfg = Debug|Any CPU
		{C145AC64-CBC2-4424-AF6D-830E4D8E4DD8}.Debug|Any CPU.Build.0 = Debug|Any CPU
		{C145AC64-CBC2-4424-AF6D-830E4D8E4DD8}.Release|Any CPU.ActiveCfg = Release|Any CPU
		{C145AC64-CBC2-4424-AF6D-830E4D8E4DD8}.Release|Any CPU.Build.0 = Release|Any CPU
	EndGlobalSection
	GlobalSection(SolutionProperties) = preSolution
		HideSolutionNode = FALSE
	EndGlobalSection
	GlobalSection(ExtensibilityGlobals) = postSolution
		SolutionGuid = {2C232928-BC66-4AE8-A3A9-B5B6DC13AF5B}
	EndGlobalSection
EndGlobal
